// !$*UTF8*$!
{
	archiveVersion = 1;
	classes = {
	};
	objectVersion = 55;
	objects = {

/* Begin PBXBuildFile section */
		3AFC17ED2812C6BF0034C3D9 /* CpmAnalysisApp.swift in Sources */ = {isa = PBXBuildFile; fileRef = 3AFC17EC2812C6BF0034C3D9 /* CpmAnalysisApp.swift */; };
		3AFC17EF2812C6BF0034C3D9 /* ContentView.swift in Sources */ = {isa = PBXBuildFile; fileRef = 3AFC17EE2812C6BF0034C3D9 /* ContentView.swift */; };
		3AFC17F12812C6C00034C3D9 /* Assets.xcassets in Resources */ = {isa = PBXBuildFile; fileRef = 3AFC17F02812C6C00034C3D9 /* Assets.xcassets */; };
		3AFC17F42812C6C00034C3D9 /* Preview Assets.xcassets in Resources */ = {isa = PBXBuildFile; fileRef = 3AFC17F32812C6C00034C3D9 /* Preview Assets.xcassets */; };
		3AFC17FE2812C93E0034C3D9 /* Activity.xcdatamodeld in Sources */ = {isa = PBXBuildFile; fileRef = 3AFC17FC2812C93E0034C3D9 /* Activity.xcdatamodeld */; };
		3AFC181D2814C4DD0034C3D9 /* Activity+CoreDataClass.swift in Sources */ = {isa = PBXBuildFile; fileRef = 3AFC181B2814C4DD0034C3D9 /* Activity+CoreDataClass.swift */; };
		3AFC181E2814C4DD0034C3D9 /* Activity+CoreDataProperties.swift in Sources */ = {isa = PBXBuildFile; fileRef = 3AFC181C2814C4DD0034C3D9 /* Activity+CoreDataProperties.swift */; };
		3AFC1820281512170034C3D9 /* CpmViewModel.swift in Sources */ = {isa = PBXBuildFile; fileRef = 3AFC181F281512170034C3D9 /* CpmViewModel.swift */; };
		3AFC18222816841A0034C3D9 /* ActivitySoft.swift in Sources */ = {isa = PBXBuildFile; fileRef = 3AFC18212816841A0034C3D9 /* ActivitySoft.swift */; };
		3AFC18242816F4FD0034C3D9 /* CpmResultView.swift in Sources */ = {isa = PBXBuildFile; fileRef = 3AFC18232816F4FD0034C3D9 /* CpmResultView.swift */; };
/* End PBXBuildFile section */

/* Begin PBXFileReference section */
		3AFC17E92812C6BF0034C3D9 /* CpmAnalysis.app */ = {isa = PBXFileReference; explicitFileType = wrapper.application; includeInIndex = 0; path = CpmAnalysis.app; sourceTree = BUILT_PRODUCTS_DIR; };
		3AFC17EC2812C6BF0034C3D9 /* CpmAnalysisApp.swift */ = {isa = PBXFileReference; lastKnownFileType = sourcecode.swift; path = CpmAnalysisApp.swift; sourceTree = "<group>"; };
		3AFC17EE2812C6BF0034C3D9 /* ContentView.swift */ = {isa = PBXFileReference; lastKnownFileType = sourcecode.swift; path = ContentView.swift; sourceTree = "<group>"; };
		3AFC17F02812C6C00034C3D9 /* Assets.xcassets */ = {isa = PBXFileReference; lastKnownFileType = folder.assetcatalog; path = Assets.xcassets; sourceTree = "<group>"; };
		3AFC17F32812C6C00034C3D9 /* Preview Assets.xcassets */ = {isa = PBXFileReference; lastKnownFileType = folder.assetcatalog; path = "Preview Assets.xcassets"; sourceTree = "<group>"; };
		3AFC17FD2812C93E0034C3D9 /* Activity.xcdatamodel */ = {isa = PBXFileReference; lastKnownFileType = wrapper.xcdatamodel; path = Activity.xcdatamodel; sourceTree = "<group>"; };
		3AFC181B2814C4DD0034C3D9 /* Activity+CoreDataClass.swift */ = {isa = PBXFileReference; lastKnownFileType = sourcecode.swift; path = "Activity+CoreDataClass.swift"; sourceTree = "<group>"; };
		3AFC181C2814C4DD0034C3D9 /* Activity+CoreDataProperties.swift */ = {isa = PBXFileReference; lastKnownFileType = sourcecode.swift; path = "Activity+CoreDataProperties.swift"; sourceTree = "<group>"; };
		3AFC181F281512170034C3D9 /* CpmViewModel.swift */ = {isa = PBXFileReference; lastKnownFileType = sourcecode.swift; path = CpmViewModel.swift; sourceTree = "<group>"; };
		3AFC18212816841A0034C3D9 /* ActivitySoft.swift */ = {isa = PBXFileReference; lastKnownFileType = sourcecode.swift; path = ActivitySoft.swift; sourceTree = "<group>"; };
		3AFC18232816F4FD0034C3D9 /* CpmResultView.swift */ = {isa = PBXFileReference; lastKnownFileType = sourcecode.swift; path = CpmResultView.swift; sourceTree = "<group>"; };
/* End PBXFileReference section */

/* Begin PBXFrameworksBuildPhase section */
		3AFC17E62812C6BF0034C3D9 /* Frameworks */ = {
			isa = PBXFrameworksBuildPhase;
			buildActionMask = 2147483647;
			files = (
			);
			runOnlyForDeploymentPostprocessing = 0;
		};
/* End PBXFrameworksBuildPhase section */

/* Begin PBXGroup section */
		3AFC17E02812C6BF0034C3D9 = {
			isa = PBXGroup;
			children = (
				3AFC181B2814C4DD0034C3D9 /* Activity+CoreDataClass.swift */,
				3AFC181C2814C4DD0034C3D9 /* Activity+CoreDataProperties.swift */,
				3AFC17EB2812C6BF0034C3D9 /* CpmAnalysis */,
				3AFC17EA2812C6BF0034C3D9 /* Products */,
			);
			sourceTree = "<group>";
		};
		3AFC17EA2812C6BF0034C3D9 /* Products */ = {
			isa = PBXGroup;
			children = (
				3AFC17E92812C6BF0034C3D9 /* CpmAnalysis.app */,
			);
			name = Products;
			sourceTree = "<group>";
		};
		3AFC17EB2812C6BF0034C3D9 /* CpmAnalysis */ = {
			isa = PBXGroup;
			children = (
				3AFC17EC2812C6BF0034C3D9 /* CpmAnalysisApp.swift */,
				3AFC18232816F4FD0034C3D9 /* CpmResultView.swift */,
				3AFC17EE2812C6BF0034C3D9 /* ContentView.swift */,
				3AFC17F02812C6C00034C3D9 /* Assets.xcassets */,
				3AFC17F22812C6C00034C3D9 /* Preview Content */,
				3AFC17FC2812C93E0034C3D9 /* Activity.xcdatamodeld */,
				3AFC181F281512170034C3D9 /* CpmViewModel.swift */,
				3AFC18212816841A0034C3D9 /* ActivitySoft.swift */,
			);
			path = CpmAnalysis;
			sourceTree = "<group>";
		};
		3AFC17F22812C6C00034C3D9 /* Preview Content */ = {
			isa = PBXGroup;
			children = (
				3AFC17F32812C6C00034C3D9 /* Preview Assets.xcassets */,
			);
			path = "Preview Content";
			sourceTree = "<group>";
		};
/* End PBXGroup section */

/* Begin PBXNativeTarget section */
		3AFC17E82812C6BF0034C3D9 /* CpmAnalysis */ = {
			isa = PBXNativeTarget;
			buildConfigurationList = 3AFC17F72812C6C00034C3D9 /* Build configuration list for PBXNativeTarget "CpmAnalysis" */;
			buildPhases = (
				3AFC17E52812C6BF0034C3D9 /* Sources */,
				3AFC17E62812C6BF0034C3D9 /* Frameworks */,
				3AFC17E72812C6BF0034C3D9 /* Resources */,
			);
			buildRules = (
			);
			dependencies = (
			);
			name = CpmAnalysis;
			productName = CpmAnalysis;
			productReference = 3AFC17E92812C6BF0034C3D9 /* CpmAnalysis.app */;
			productType = "com.apple.product-type.application";
		};
/* End PBXNativeTarget section */

/* Begin PBXProject section */
		3AFC17E12812C6BF0034C3D9 /* Project object */ = {
			isa = PBXProject;
			attributes = {
				BuildIndependentTargetsInParallel = 1;
				LastSwiftUpdateCheck = 1320;
				LastUpgradeCheck = 1320;
				TargetAttributes = {
					3AFC17E82812C6BF0034C3D9 = {
						CreatedOnToolsVersion = 13.2.1;
					};
				};
			};
			buildConfigurationList = 3AFC17E42812C6BF0034C3D9 /* Build configuration list for PBXProject "CpmAnalysis" */;
			compatibilityVersion = "Xcode 13.0";
			developmentRegion = en;
			hasScannedForEncodings = 0;
			knownRegions = (
				en,
				Base,
			);
			mainGroup = 3AFC17E02812C6BF0034C3D9;
			productRefGroup = 3AFC17EA2812C6BF0034C3D9 /* Products */;
			projectDirPath = "";
			projectRoot = "";
			targets = (
				3AFC17E82812C6BF0034C3D9 /* CpmAnalysis */,
			);
		};
/* End PBXProject section */

/* Begin PBXResourcesBuildPhase section */
		3AFC17E72812C6BF0034C3D9 /* Resources */ = {
			isa = PBXResourcesBuildPhase;
			buildActionMask = 2147483647;
			files = (
				3AFC17F42812C6C00034C3D9 /* Preview Assets.xcassets in Resources */,
				3AFC17F12812C6C00034C3D9 /* Assets.xcassets in Resources */,
			);
			runOnlyForDeploymentPostprocessing = 0;
		};
/* End PBXResourcesBuildPhase section */

/* Begin PBXSourcesBuildPhase section */
		3AFC17E52812C6BF0034C3D9 /* Sources */ = {
			isa = PBXSourcesBuildPhase;
			buildActionMask = 2147483647;
			files = (
				3AFC18242816F4FD0034C3D9 /* CpmResultView.swift in Sources */,
				3AFC181D2814C4DD0034C3D9 /* Activity+CoreDataClass.swift in Sources */,
				3AFC181E2814C4DD0034C3D9 /* Activity+CoreDataProperties.swift in Sources */,
				3AFC18222816841A0034C3D9 /* ActivitySoft.swift in Sources */,
				3AFC17EF2812C6BF0034C3D9 /* ContentView.swift in Sources */,
				3AFC1820281512170034C3D9 /* CpmViewModel.swift in Sources */,
				3AFC17FE2812C93E0034C3D9 /* Activity.xcdatamodeld in Sources */,
				3AFC17ED2812C6BF0034C3D9 /* CpmAnalysisApp.swift in Sources */,
			);
			runOnlyForDeploymentPostprocessing = 0;
		};
/* End PBXSourcesBuildPhase section */

/* Begin XCBuildConfiguration section */
		3AFC17F52812C6C00034C3D9 /* Debug */ = {
			isa = XCBuildConfiguration;
			buildSettings = {
				ALWAYS_SEARCH_USER_PATHS = NO;
				CLANG_ANALYZER_NONNULL = YES;
				CLANG_ANALYZER_NUMBER_OBJECT_CONVERSION = YES_AGGRESSIVE;
				CLANG_CXX_LANGUAGE_STANDARD = "gnu++17";
				CLANG_CXX_LIBRARY = "libc++";
				CLANG_ENABLE_MODULES = YES;
				CLANG_ENABLE_OBJC_ARC = YES;
				CLANG_ENABLE_OBJC_WEAK = YES;
				CLANG_WARN_BLOCK_CAPTURE_AUTORELEASING = YES;
				CLANG_WARN_BOOL_CONVERSION = YES;
				CLANG_WARN_COMMA = YES;
				CLANG_WARN_CONSTANT_CONVERSION = YES;
				CLANG_WARN_DEPRECATED_OBJC_IMPLEMENTATIONS = YES;
				CLANG_WARN_DIRECT_OBJC_ISA_USAGE = YES_ERROR;
				CLANG_WARN_DOCUMENTATION_COMMENTS = YES;
				CLANG_WARN_EMPTY_BODY = YES;
				CLANG_WARN_ENUM_CONVERSION = YES;
				CLANG_WARN_INFINITE_RECURSION = YES;
				CLANG_WARN_INT_CONVERSION = YES;
				CLANG_WARN_NON_LITERAL_NULL_CONVERSION = YES;
				CLANG_WARN_OBJC_IMPLICIT_RETAIN_SELF = YES;
				CLANG_WARN_OBJC_LITERAL_CONVERSION = YES;
				CLANG_WARN_OBJC_ROOT_CLASS = YES_ERROR;
				CLANG_WARN_QUOTED_INCLUDE_IN_FRAMEWORK_HEADER = YES;
				CLANG_WARN_RANGE_LOOP_ANALYSIS = YES;
				CLANG_WARN_STRICT_PROTOTYPES = YES;
				CLANG_WARN_SUSPICIOUS_MOVE = YES;
				CLANG_WARN_UNGUARDED_AVAILABILITY = YES_AGGRESSIVE;
				CLANG_WARN_UNREACHABLE_CODE = YES;
				CLANG_WARN__DUPLICATE_METHOD_MATCH = YES;
				COPY_PHASE_STRIP = NO;
				DEBUG_INFORMATION_FORMAT = dwarf;
				ENABLE_STRICT_OBJC_MSGSEND = YES;
				ENABLE_TESTABILITY = YES;
				GCC_C_LANGUAGE_STANDARD = gnu11;
				GCC_DYNAMIC_NO_PIC = NO;
				GCC_NO_COMMON_BLOCKS = YES;
				GCC_OPTIMIZATION_LEVEL = 0;
				GCC_PREPROCESSOR_DEFINITIONS = (
					"DEBUG=1",
					"$(inherited)",
				);
				GCC_WARN_64_TO_32_BIT_CONVERSION = YES;
				GCC_WARN_ABOUT_RETURN_TYPE = YES_ERROR;
				GCC_WARN_UNDECLARED_SELECTOR = YES;
				GCC_WARN_UNINITIALIZED_AUTOS = YES_AGGRESSIVE;
				GCC_WARN_UNUSED_FUNCTION = YES;
				GCC_WARN_UNUSED_VARIABLE = YES;
				IPHONEOS_DEPLOYMENT_TARGET = 15.2;
				MTL_ENABLE_DEBUG_INFO = INCLUDE_SOURCE;
				MTL_FAST_MATH = YES;
				ONLY_ACTIVE_ARCH = YES;
				SDKROOT = iphoneos;
				SWIFT_ACTIVE_COMPILATION_CONDITIONS = DEBUG;
				SWIFT_OPTIMIZATION_LEVEL = "-Onone";
			};
			name = Debug;
		};
		3AFC17F62812C6C00034C3D9 /* Release */ = {
			isa = XCBuildConfiguration;
			buildSettings = {
				ALWAYS_SEARCH_USER_PATHS = NO;
				CLANG_ANALYZER_NONNULL = YES;
				CLANG_ANALYZER_NUMBER_OBJECT_CONVERSION = YES_AGGRESSIVE;
				CLANG_CXX_LANGUAGE_STANDARD = "gnu++17";
				CLANG_CXX_LIBRARY = "libc++";
				CLANG_ENABLE_MODULES = YES;
				CLANG_ENABLE_OBJC_ARC = YES;
				CLANG_ENABLE_OBJC_WEAK = YES;
				CLANG_WARN_BLOCK_CAPTURE_AUTORELEASING = YES;
				CLANG_WARN_BOOL_CONVERSION = YES;
				CLANG_WARN_COMMA = YES;
				CLANG_WARN_CONSTANT_CONVERSION = YES;
				CLANG_WARN_DEPRECATED_OBJC_IMPLEMENTATIONS = YES;
				CLANG_WARN_DIRECT_OBJC_ISA_USAGE = YES_ERROR;
				CLANG_WARN_DOCUMENTATION_COMMENTS = YES;
				CLANG_WARN_EMPTY_BODY = YES;
				CLANG_WARN_ENUM_CONVERSION = YES;
				CLANG_WARN_INFINITE_RECURSION = YES;
				CLANG_WARN_INT_CONVERSION = YES;
				CLANG_WARN_NON_LITERAL_NULL_CONVERSION = YES;
				CLANG_WARN_OBJC_IMPLICIT_RETAIN_SELF = YES;
				CLANG_WARN_OBJC_LITERAL_CONVERSION = YES;
				CLANG_WARN_OBJC_ROOT_CLASS = YES_ERROR;
				CLANG_WARN_QUOTED_INCLUDE_IN_FRAMEWORK_HEADER = YES;
				CLANG_WARN_RANGE_LOOP_ANALYSIS = YES;
				CLANG_WARN_STRICT_PROTOTYPES = YES;
				CLANG_WARN_SUSPICIOUS_MOVE = YES;
				CLANG_WARN_UNGUARDED_AVAILABILITY = YES_AGGRESSIVE;
				CLANG_WARN_UNREACHABLE_CODE = YES;
				CLANG_WARN__DUPLICATE_METHOD_MATCH = YES;
				COPY_PHASE_STRIP = NO;
				DEBUG_INFORMATION_FORMAT = "dwarf-with-dsym";
				ENABLE_NS_ASSERTIONS = NO;
				ENABLE_STRICT_OBJC_MSGSEND = YES;
				GCC_C_LANGUAGE_STANDARD = gnu11;
				GCC_NO_COMMON_BLOCKS = YES;
				GCC_WARN_64_TO_32_BIT_CONVERSION = YES;
				GCC_WARN_ABOUT_RETURN_TYPE = YES_ERROR;
				GCC_WARN_UNDECLARED_SELECTOR = YES;
				GCC_WARN_UNINITIALIZED_AUTOS = YES_AGGRESSIVE;
				GCC_WARN_UNUSED_FUNCTION = YES;
				GCC_WARN_UNUSED_VARIABLE = YES;
				IPHONEOS_DEPLOYMENT_TARGET = 15.2;
				MTL_ENABLE_DEBUG_INFO = NO;
				MTL_FAST_MATH = YES;
				SDKROOT = iphoneos;
				SWIFT_COMPILATION_MODE = wholemodule;
				SWIFT_OPTIMIZATION_LEVEL = "-O";
				VALIDATE_PRODUCT = YES;
			};
			name = Release;
		};
		3AFC17F82812C6C00034C3D9 /* Debug */ = {
			isa = XCBuildConfiguration;
			buildSettings = {
				ASSETCATALOG_COMPILER_APPICON_NAME = AppIcon;
				ASSETCATALOG_COMPILER_GLOBAL_ACCENT_COLOR_NAME = AccentColor;
				CODE_SIGN_STYLE = Automatic;
				CURRENT_PROJECT_VERSION = 1;
				DEVELOPMENT_ASSET_PATHS = "\"CpmAnalysis/Preview Content\"";
				DEVELOPMENT_TEAM = FCC4NLN5D5;
				ENABLE_PREVIEWS = YES;
				GENERATE_INFOPLIST_FILE = YES;
				INFOPLIST_KEY_UIApplicationSceneManifest_Generation = YES;
				INFOPLIST_KEY_UIApplicationSupportsIndirectInputEvents = YES;
				INFOPLIST_KEY_UILaunchScreen_Generation = YES;
				INFOPLIST_KEY_UISupportedInterfaceOrientations_iPad = "UIInterfaceOrientationPortrait UIInterfaceOrientationPortraitUpsideDown UIInterfaceOrientationLandscapeLeft UIInterfaceOrientationLandscapeRight";
				INFOPLIST_KEY_UISupportedInterfaceOrientations_iPhone = "UIInterfaceOrientationPortrait UIInterfaceOrientationLandscapeLeft UIInterfaceOrientationLandscapeRight";
				LD_RUNPATH_SEARCH_PATHS = (
					"$(inherited)",
					"@executable_path/Frameworks",
				);
				MARKETING_VERSION = 1.0;
				PRODUCT_BUNDLE_IDENTIFIER = com.hello.CpmAnalysis;
				PRODUCT_NAME = "$(TARGET_NAME)";
				SWIFT_EMIT_LOC_STRINGS = YES;
				SWIFT_VERSION = 5.0;
				TARGETED_DEVICE_FAMILY = "1,2";
			};
			name = Debug;
		};
		3AFC17F92812C6C00034C3D9 /* Release */ = {
			isa = XCBuildConfiguration;
			buildSettings = {
				ASSETCATALOG_COMPILER_APPICON_NAME = AppIcon;
				ASSETCATALOG_COMPILER_GLOBAL_ACCENT_COLOR_NAME = AccentColor;
				CODE_SIGN_STYLE = Automatic;
				CURRENT_PROJECT_VERSION = 1;
				DEVELOPMENT_ASSET_PATHS = "\"CpmAnalysis/Preview Content\"";
				DEVELOPMENT_TEAM = FCC4NLN5D5;
				ENABLE_PREVIEWS = YES;
				GENERATE_INFOPLIST_FILE = YES;
				INFOPLIST_KEY_UIApplicationSceneManifest_Generation = YES;
				INFOPLIST_KEY_UIApplicationSupportsIndirectInputEvents = YES;
				INFOPLIST_KEY_UILaunchScreen_Generation = YES;
				INFOPLIST_KEY_UISupportedInterfaceOrientations_iPad = "UIInterfaceOrientationPortrait UIInterfaceOrientationPortraitUpsideDown UIInterfaceOrientationLandscapeLeft UIInterfaceOrientationLandscapeRight";
				INFOPLIST_KEY_UISupportedInterfaceOrientations_iPhone = "UIInterfaceOrientationPortrait UIInterfaceOrientationLandscapeLeft UIInterfaceOrientationLandscapeRight";
				LD_RUNPATH_SEARCH_PATHS = (
					"$(inherited)",
					"@executable_path/Frameworks",
				);
				MARKETING_VERSION = 1.0;
				PRODUCT_BUNDLE_IDENTIFIER = com.hello.CpmAnalysis;
				PRODUCT_NAME = "$(TARGET_NAME)";
				SWIFT_EMIT_LOC_STRINGS = YES;
				SWIFT_VERSION = 5.0;
				TARGETED_DEVICE_FAMILY = "1,2";
			};
			name = Release;
		};
/* End XCBuildConfiguration section */

/* Begin XCConfigurationList section */
		3AFC17E42812C6BF0034C3D9 /* Build configuration list for PBXProject "CpmAnalysis" */ = {
			isa = XCConfigurationList;
			buildConfigurations = (
				3AFC17F52812C6C00034C3D9 /* Debug */,
				3AFC17F62812C6C00034C3D9 /* Release */,
			);
			defaultConfigurationIsVisible = 0;
			defaultConfigurationName = Release;
		};
		3AFC17F72812C6C00034C3D9 /* Build configuration list for PBXNativeTarget "CpmAnalysis" */ = {
			isa = XCConfigurationList;
			buildConfigurations = (
				3AFC17F82812C6C00034C3D9 /* Debug */,
				3AFC17F92812C6C00034C3D9 /* Release */,
			);
			defaultConfigurationIsVisible = 0;
			defaultConfigurationName = Release;
		};
/* End XCConfigurationList section */

/* Begin XCVersionGroup section */
		3AFC17FC2812C93E0034C3D9 /* Activity.xcdatamodeld */ = {
			isa = XCVersionGroup;
			children = (
				3AFC17FD2812C93E0034C3D9 /* Activity.xcdatamodel */,
			);
			currentVersion = 3AFC17FD2812C93E0034C3D9 /* Activity.xcdatamodel */;
			path = Activity.xcdatamodeld;
			sourceTree = "<group>";
			usesTabs = 0;
			versionGroupType = wrapper.xcdatamodel;
		};
/* End XCVersionGroup section */
	};
	rootObject = 3AFC17E12812C6BF0034C3D9 /* Project object */;
}
